# THIS IS AN AUTOGENERATED FILE. DO NOT EDIT THIS FILE DIRECTLY.
# yarn lockfile v1


"@csstools/cascade-layer-name-parser@^1.0.0":
  "integrity" "sha512-JxdLxJMDximX1vxCFJdwC7MD4aXNSFbOxBZuYKg2FEz4MLR0UFVmamPtzthzqzxAcU0K6ShvEFfMBrEEb16U+A=="
  "resolved" "https://registry.npmjs.org/@csstools/cascade-layer-name-parser/-/cascade-layer-name-parser-1.0.0.tgz"
  "version" "1.0.0"

"@csstools/css-parser-algorithms@^1.0.0":
  "integrity" "sha512-lPphY34yfV15tEXiz/SYaU8hwqAhbAwqiTExv5tOfc7QZxT70VVYrsiPBaX1osdWZFowrDEAhHe4H3JnyzbjhA=="
  "resolved" "https://registry.npmjs.org/@csstools/css-parser-algorithms/-/css-parser-algorithms-1.0.0.tgz"
  "version" "1.0.0"

"@csstools/css-parser-algorithms@^2.0.0":
  "integrity" "sha512-RbukP8OjQvuH85veuzOq8abPjsvqvleZaQC6W0GJFGpwLUh8XmFMQjvtuIM9bQ589YFx4lwwAcSwN4nfcvxIEw=="
  "resolved" "https://registry.npmjs.org/@csstools/css-parser-algorithms/-/css-parser-algorithms-2.0.0.tgz"
  "version" "2.0.0"

"@csstools/css-tokenizer@^1.0.0":
  "integrity" "sha512-xdFjdQ+zqqkOsmee+kYRieZD9Cqh4hr01YBQ2/8NtTkMMxbtRX18MC50LX6cMrtaLryqmIdZHN9e16/l0QqnQw=="
  "resolved" "https://registry.npmjs.org/@csstools/css-tokenizer/-/css-tokenizer-1.0.0.tgz"
  "version" "1.0.0"

"@csstools/css-tokenizer@^2.0.0":
  "integrity" "sha512-IB6EFP0Hc/YEz1sJVD47oFqJP6TXMB+OW1jXSYnOk5g+6wpk2/zkuBa0gm5edIMM9nVUZ3hF0xCBnyFbK5OIyg=="
  "resolved" "https://registry.npmjs.org/@csstools/css-tokenizer/-/css-tokenizer-2.0.0.tgz"
  "version" "2.0.0"

"@csstools/media-query-list-parser@^1.0.0":
  "integrity" "sha512-HsTj5ejI8NKKZ4IEd6kK2kQZA/JmIVlUV8+XvO/YS9ntrlYPnbmFT3rkqtbxOVfEafblYCNOpeNw1c+fKGkAqw=="
  "resolved" "https://registry.npmjs.org/@csstools/media-query-list-parser/-/media-query-list-parser-1.0.0.tgz"
  "version" "1.0.0"

"@csstools/media-query-list-parser@^2.0.0":
  "integrity" "sha512-84kEbyJjh2T4Lnz8EkVQrwNANP+dtNb0SDkI3P7kqKnGorPknQUuq8Iqf2v5UsaH08XzPp3ouVJNsyPOdI2B/Q=="
  "resolved" "https://registry.npmjs.org/@csstools/media-query-list-parser/-/media-query-list-parser-2.0.0.tgz"
  "version" "2.0.0"

"@csstools/postcss-cascade-layers@^3.0.0":
  "integrity" "sha512-CpjItl5zYoROgc3f7+ptPOXJr0sFDf+0CUEmwQMd/JOAmpP9scXtAWvoFwkFKIjBDE6swqbamjIMwmYVCBL6rg=="
  "resolved" "https://registry.npmjs.org/@csstools/postcss-cascade-layers/-/postcss-cascade-layers-3.0.0.tgz"
  "version" "3.0.0"
  dependencies:
    "@csstools/selector-specificity" "^2.0.2"
    "postcss-selector-parser" "^6.0.10"

"@csstools/postcss-color-function@^2.0.0":
  "integrity" "sha512-rB3Ur+Ns2aOEBMz3zFyjmU6uBBGko84yRD1G6Re/v2p1GRzjz8/o738syQLoxRb1TNcND0YsiKoUeaRuwfk9yw=="
  "resolved" "https://registry.npmjs.org/@csstools/postcss-color-function/-/postcss-color-function-2.0.0.tgz"
  "version" "2.0.0"
  dependencies:
    "@csstools/postcss-progressive-custom-properties" "^2.0.0"
    "postcss-value-parser" "^4.2.0"

"@csstools/postcss-font-format-keywords@^2.0.0":
  "integrity" "sha512-/ew2ScjfoN4dBWhs3CQhVp47VPVO4MVzTdpjygiW9bXj3e2MyoMXuWoBksA1LdREMh5UhrEjBmtwFIx7R2oVIA=="
  "resolved" "https://registry.npmjs.org/@csstools/postcss-font-format-keywords/-/postcss-font-format-keywords-2.0.0.tgz"
  "version" "2.0.0"
  dependencies:
    "postcss-value-parser" "^4.2.0"

"@csstools/postcss-hwb-function@^2.0.0":
  "integrity" "sha512-1rXMiRapGL6tQJsGKzvEY78DSDc4lZXQzPkHwRBuwoJvRAdtXWQyR00Jk73TOFkmVtmo5bdbS6Rnm1f01lpmlg=="
  "resolved" "https://registry.npmjs.org/@csstools/postcss-hwb-function/-/postcss-hwb-function-2.0.0.tgz"
  "version" "2.0.0"
  dependencies:
    "postcss-value-parser" "^4.2.0"

"@csstools/postcss-ic-unit@^2.0.0":
  "integrity" "sha512-R120sQLhdNFH1K3cBpTLAwqu41L9r9BF5K+6tWMMbCpSiUXhNcYCJWbghf2546No9HBiWGL8YLZabsuaHKAEKg=="
  "resolved" "https://registry.npmjs.org/@csstools/postcss-ic-unit/-/postcss-ic-unit-2.0.0.tgz"
  "version" "2.0.0"
  dependencies:
    "@csstools/postcss-progressive-custom-properties" "^2.0.0"
    "postcss-value-parser" "^4.2.0"

"@csstools/postcss-is-pseudo-class@^3.0.0":
  "integrity" "sha512-rz3Ch3gxMeOdMDppuikEmlI3jhnkQd/OM/xAmSjPeCfhYPy37BlNTgsxpaPVizkhkMOfibH/eMkzeXNbXdBBXw=="
  "resolved" "https://registry.npmjs.org/@csstools/postcss-is-pseudo-class/-/postcss-is-pseudo-class-3.0.0.tgz"
  "version" "3.0.0"
  dependencies:
    "@csstools/selector-specificity" "^2.0.0"
    "postcss-selector-parser" "^6.0.10"

"@csstools/postcss-logical-float-and-clear@^1.0.0":
  "integrity" "sha512-duwyZx5NHEi3DYtk8vTnZ/QwxXYIm7OaXPEfDflbwEIlpB1wNbY9m7TnLT4vZRPv6yAxHEDoHJXS/Zj36mC7uw=="
  "resolved" "https://registry.npmjs.org/@csstools/postcss-logical-float-and-clear/-/postcss-logical-float-and-clear-1.0.0.tgz"
  "version" "1.0.0"

"@csstools/postcss-logical-resize@^1.0.0":
  "integrity" "sha512-gsySHNBxhHI76I0MmoHz+OJ+EWlEl7TQFKdpRmKG0bfdYZVZaAexAHXLulJL3Tp3ifcD0ev9fSsIPYGeKTx2qA=="
  "resolved" "https://registry.npmjs.org/@csstools/postcss-logical-resize/-/postcss-logical-resize-1.0.0.tgz"
  "version" "1.0.0"
  dependencies:
    "postcss-value-parser" "^4.2.0"

"@csstools/postcss-logical-viewport-units@^1.0.0":
  "integrity" "sha512-KAZyurROvdd0oFsD33LBXQYq15r25MOpPnpSsZvnPnPIFM0I9XL0EDPILgKiRRQbdjx0SvCWRtxtT4BiOkxpig=="
  "resolved" "https://registry.npmjs.org/@csstools/postcss-logical-viewport-units/-/postcss-logical-viewport-units-1.0.1.tgz"
  "version" "1.0.1"
  dependencies:
    "@csstools/css-tokenizer" "^2.0.0"

"@csstools/postcss-media-queries-aspect-ratio-number-values@^1.0.0":
  "integrity" "sha512-gC5RQSI/42TbaOdPZoObcL4lhLYggBzTp/PTypcmLMp8JLPQdlJq2Ys0t8pxfDw98GvsHZahUbhPxJaebbCT1w=="
  "resolved" "https://registry.npmjs.org/@csstools/postcss-media-queries-aspect-ratio-number-values/-/postcss-media-queries-aspect-ratio-number-values-1.0.0.tgz"
  "version" "1.0.0"
  dependencies:
    "@csstools/css-parser-algorithms" "^1.0.0"
    "@csstools/css-tokenizer" "^1.0.0"
    "@csstools/media-query-list-parser" "^1.0.0"

"@csstools/postcss-nested-calc@^2.0.0":
  "integrity" "sha512-omq/2O2ZENbCa/UY9i6uo4MloNMXZg/lqMv0utOwlNFUgdrpMdnDKWcNRiHV5OvlOnvg188MRyzHwQjqapbJ7w=="
  "resolved" "https://registry.npmjs.org/@csstools/postcss-nested-calc/-/postcss-nested-calc-2.0.0.tgz"
  "version" "2.0.0"
  dependencies:
    "postcss-value-parser" "^4.2.0"

"@csstools/postcss-normalize-display-values@^2.0.0":
  "integrity" "sha512-mN5ycsvVkPjt81fVo33p142imrhSBN3LAvvuP6qfkQ6C3452IWO1ZcbYQ/QYcYBymChsmbXmk1jQNZ2kZOFZag=="
  "resolved" "https://registry.npmjs.org/@csstools/postcss-normalize-display-values/-/postcss-normalize-display-values-2.0.0.tgz"
  "version" "2.0.0"
  dependencies:
    "postcss-value-parser" "^4.2.0"

"@csstools/postcss-oklab-function@^2.0.0":
  "integrity" "sha512-PONCTLUqo0GFGG+adf6ZUJt7icC8s1SYxC18S9AQhRAGp4m9Fe9EnpaJofikCuZYHkrxr8ngh6D1mSHwA9aryQ=="
  "resolved" "https://registry.npmjs.org/@csstools/postcss-oklab-function/-/postcss-oklab-function-2.0.0.tgz"
  "version" "2.0.0"
  dependencies:
    "@csstools/postcss-progressive-custom-properties" "^2.0.0"
    "postcss-value-parser" "^4.2.0"

"@csstools/postcss-progressive-custom-properties@^2.0.0":
  "integrity" "sha512-jQl/sQRcMwgaWWzmy65LtxVWnSvRFnhnaRVCvHaMLf5ZT2LRE5w3EG7Z4FqV6IK4L/vB/GSZSzl8AEA9CXN8Zg=="
  "resolved" "https://registry.npmjs.org/@csstools/postcss-progressive-custom-properties/-/postcss-progressive-custom-properties-2.0.0.tgz"
  "version" "2.0.0"
  dependencies:
    "postcss-value-parser" "^4.2.0"

"@csstools/postcss-scope-pseudo-class@^2.0.0":
  "integrity" "sha512-YvsluKH7w/R86BLDl9urwpMUc5PAdeRdrWj20AcHCmr9+2FdsIuWZxYWnof6kNdVYGpK1ox7lXXuCz06VBowPw=="
  "resolved" "https://registry.npmjs.org/@csstools/postcss-scope-pseudo-class/-/postcss-scope-pseudo-class-2.0.0.tgz"
  "version" "2.0.0"
  dependencies:
    "postcss-selector-parser" "^6.0.10"

"@csstools/postcss-stepped-value-functions@^2.0.0":
  "integrity" "sha512-6PWwbiolpSx9Lbmdq39wvt9XKYjWlnIq5cRkAKrZA1lJsL09GRmYdwjYjBuESe6mrkysOED4CIMwEJ+EbginLA=="
  "resolved" "https://registry.npmjs.org/@csstools/postcss-stepped-value-functions/-/postcss-stepped-value-functions-2.0.0.tgz"
  "version" "2.0.0"
  dependencies:
    "postcss-value-parser" "^4.2.0"

"@csstools/postcss-text-decoration-shorthand@^2.0.0":
  "integrity" "sha512-+Ce+VVbEj2/TJUGUULiMyC/30JruYpCcADwWSW8kLUoO35XWQWQW09MCRFhTS50AHvIuzYG8lZ5TeFXuVAt/uw=="
  "resolved" "https://registry.npmjs.org/@csstools/postcss-text-decoration-shorthand/-/postcss-text-decoration-shorthand-2.0.0.tgz"
  "version" "2.0.0"
  dependencies:
    "postcss-value-parser" "^4.2.0"

"@csstools/postcss-trigonometric-functions@^2.0.0":
  "integrity" "sha512-T7SZreVZUX0b2m3+X25Bp7cW2eJWfsCm40NoERSZPxsW6He8zuz+Hx6opOVelMyoM8YvYIBOFns8eNCHX7WL/Q=="
  "resolved" "https://registry.npmjs.org/@csstools/postcss-trigonometric-functions/-/postcss-trigonometric-functions-2.0.0.tgz"
  "version" "2.0.0"
  dependencies:
    "postcss-value-parser" "^4.2.0"

"@csstools/postcss-unset-value@^2.0.0":
  "integrity" "sha512-dx15RWSMlYsgtcl4YkVOe7Rd8tEEx8AEBnxpURI7AQa4dDJC3utZWD3am4Ynx2aoGu5C5lMF/RvSA3+uRpHPXw=="
  "resolved" "https://registry.npmjs.org/@csstools/postcss-unset-value/-/postcss-unset-value-2.0.0.tgz"
  "version" "2.0.0"

"@csstools/selector-specificity@^2.0.0", "@csstools/selector-specificity@^2.0.1", "@csstools/selector-specificity@^2.0.2":
  "integrity" "sha512-zJ6hb3FDgBbO8d2e83vg6zq7tNvDqSq9RwdwfzJ8tdm9JHNvANq2fqwyRn6mlpUb7CwTs5ILdUrGwi9Gk4vY5w=="
  "resolved" "https://registry.npmjs.org/@csstools/selector-specificity/-/selector-specificity-2.1.0.tgz"
  "version" "2.1.0"

"@nodelib/fs.scandir@2.1.5":
  "integrity" "sha512-vq24Bq3ym5HEQm2NKCr3yXDwjc7vTsEThRDnkp2DK9p1uqLR+DHurm/NOTo0KG7HYHU7eppKZj3MyqYuMBf62g=="
  "resolved" "https://registry.npmjs.org/@nodelib/fs.scandir/-/fs.scandir-2.1.5.tgz"
  "version" "2.1.5"
  dependencies:
    "@nodelib/fs.stat" "2.0.5"
    "run-parallel" "^1.1.9"

"@nodelib/fs.stat@^2.0.2", "@nodelib/fs.stat@2.0.5":
  "integrity" "sha512-RkhPPp2zrqDAQA/2jNhnztcPAlv64XdhIp7a7454A5ovI7Bukxgt7MX7udwAu3zg1DcpPU0rz3VV1SeaqvY4+A=="
  "resolved" "https://registry.npmjs.org/@nodelib/fs.stat/-/fs.stat-2.0.5.tgz"
  "version" "2.0.5"

"@nodelib/fs.walk@^1.2.3":
  "integrity" "sha512-oGB+UxlgWcgQkgwo8GcEGwemoTFt3FIO9ababBmaGwXIoBKZ+GTy0pP185beGg7Llih/NSHSV2XAs1lnznocSg=="
  "resolved" "https://registry.npmjs.org/@nodelib/fs.walk/-/fs.walk-1.2.8.tgz"
  "version" "1.2.8"
  dependencies:
    "@nodelib/fs.scandir" "2.1.5"
    "fastq" "^1.6.0"

"ansi-regex@^5.0.1":
  "integrity" "sha512-quJQXlTSUGL2LH9SUXo8VwsY4soanhgo6LNSm84E1LBcE8s3O0wpdiRzyR9z/ZZJMlMWv37qOOb9pdJlMUEKFQ=="
  "resolved" "https://registry.npmjs.org/ansi-regex/-/ansi-regex-5.0.1.tgz"
  "version" "5.0.1"

"ansi-styles@^4.0.0":
  "integrity" "sha512-zbB9rCJAT1rbjiVDb2hqKFHNYLxgtk8NURxZ3IZwD3F6NtxbXZQCnnSi1Lkx+IDohdPlFp222wVALIheZJQSEg=="
  "resolved" "https://registry.npmjs.org/ansi-styles/-/ansi-styles-4.3.0.tgz"
  "version" "4.3.0"
  dependencies:
    "color-convert" "^2.0.1"

"anymatch@~3.1.2":
  "integrity" "sha512-KMReFUr0B4t+D+OBkjR3KYqvocp2XaSzO55UcB6mgQMd3KbcE+mWTyvVV7D/zsdEbNnV6acZUutkiHQXvTr1Rw=="
  "resolved" "https://registry.npmjs.org/anymatch/-/anymatch-3.1.3.tgz"
  "version" "3.1.3"
  dependencies:
    "normalize-path" "^3.0.0"
    "picomatch" "^2.0.4"

"autoprefixer@^10.4.13":
  "integrity" "sha512-49vKpMqcZYsJjwotvt4+h/BCjJVnhGwcLpDt5xkcaOG3eLrG/HUYLagrihYsQ+qrIBgIzX1Rw7a6L8I/ZA1Atg=="
  "resolved" "https://registry.npmjs.org/autoprefixer/-/autoprefixer-10.4.13.tgz"
  "version" "10.4.13"
  dependencies:
    "browserslist" "^4.21.4"
    "caniuse-lite" "^1.0.30001426"
    "fraction.js" "^4.2.0"
    "normalize-range" "^0.1.2"
    "picocolors" "^1.0.0"
    "postcss-value-parser" "^4.2.0"

"binary-extensions@^2.0.0":
  "integrity" "sha512-jDctJ/IVQbZoJykoeHbhXpOlNBqGNcwXJKJog42E5HDPUwQTSdjCHdihjj0DlnheQ7blbT6dHOafNAiS8ooQKA=="
  "resolved" "https://registry.npmjs.org/binary-extensions/-/binary-extensions-2.2.0.tgz"
  "version" "2.2.0"

"braces@^3.0.2", "braces@~3.0.2":
  "integrity" "sha512-b8um+L1RzM3WDSzvhm6gIz1yfTbBt6YTlcEKAvsmqCZZFw46z626lVj9j1yEPW33H5H+lBQpZMP1k8l+78Ha0A=="
  "resolved" "https://registry.npmjs.org/braces/-/braces-3.0.2.tgz"
  "version" "3.0.2"
  dependencies:
    "fill-range" "^7.0.1"

"browserslist@^4.21.4", "browserslist@>= 4.21.0":
  "integrity" "sha512-CBHJJdDmgjl3daYjN5Cp5kbTf1mUhZoS+beLklHIvkOWscs83YAhLlF3Wsh/lciQYAcbBJgTOD44VtG31ZM4Hw=="
  "resolved" "https://registry.npmjs.org/browserslist/-/browserslist-4.21.4.tgz"
  "version" "4.21.4"
  dependencies:
    "caniuse-lite" "^1.0.30001400"
    "electron-to-chromium" "^1.4.251"
    "node-releases" "^2.0.6"
    "update-browserslist-db" "^1.0.9"

"caniuse-lite@^1.0.30001400", "caniuse-lite@^1.0.30001426":
  "integrity" "sha512-tq2YI+MJnooG96XpbTRYkBxLxklZPOdLmNIOdIhvf7SNJan6u5vCKum8iT7ZfCt70m1GPkuC7P3TtX6UuhupuA=="
  "resolved" "https://registry.npmjs.org/caniuse-lite/-/caniuse-lite-1.0.30001448.tgz"
  "version" "1.0.30001448"

"chokidar@^3.3.0":
  "integrity" "sha512-Dr3sfKRP6oTcjf2JmUmFJfeVMvXBdegxB0iVQ5eb2V10uFJUCAS8OByZdVAyVb8xXNz3GjjTgj9kLWsZTqE6kw=="
  "resolved" "https://registry.npmjs.org/chokidar/-/chokidar-3.5.3.tgz"
  "version" "3.5.3"
  dependencies:
    "anymatch" "~3.1.2"
    "braces" "~3.0.2"
    "glob-parent" "~5.1.2"
    "is-binary-path" "~2.1.0"
    "is-glob" "~4.0.1"
    "normalize-path" "~3.0.0"
    "readdirp" "~3.6.0"
  optionalDependencies:
    "fsevents" "~2.3.2"

"cliui@^8.0.1":
  "integrity" "sha512-BSeNnyus75C4//NQ9gQt1/csTXyo/8Sb+afLAkzAptFuMsod9HFokGNudZpi/oQV73hnVK+sR+5PVRMd+Dr7YQ=="
  "resolved" "https://registry.npmjs.org/cliui/-/cliui-8.0.1.tgz"
  "version" "8.0.1"
  dependencies:
    "string-width" "^4.2.0"
    "strip-ansi" "^6.0.1"
    "wrap-ansi" "^7.0.0"

"color-convert@^2.0.1":
  "integrity" "sha512-RRECPsj7iu/xb5oKYcsFHSppFNnsj/52OVTRKb4zP5onXwVF3zVmmToNcOfGC+CRDpfK/U584fMg38ZHCaElKQ=="
  "resolved" "https://registry.npmjs.org/color-convert/-/color-convert-2.0.1.tgz"
  "version" "2.0.1"
  dependencies:
    "color-name" "~1.1.4"

"color-name@~1.1.4":
  "integrity" "sha512-dOy+3AuW3a2wNbZHIuMZpTcgjGuLU/uBL/ubcZF9OXbDo8ff4O8yVp5Bf0efS8uEoYo5q4Fx7dY9OgQGXgAsQA=="
  "resolved" "https://registry.npmjs.org/color-name/-/color-name-1.1.4.tgz"
  "version" "1.1.4"

"css-blank-pseudo@^5.0.0":
  "integrity" "sha512-2QwvERc+e7bWoO6Cva1goJR3r/qe2opbizEWpWEtKAxW9KDpEovI2Y8M2UgqoEVQyPAsWJwWnBpSpItqvjveoQ=="
  "resolved" "https://registry.npmjs.org/css-blank-pseudo/-/css-blank-pseudo-5.0.0.tgz"
  "version" "5.0.0"
  dependencies:
    "postcss-selector-parser" "^6.0.10"

"css-has-pseudo@^5.0.0":
  "integrity" "sha512-vFe2z1/y8xG3JiJCAMOoCCXCwSbG2ndQJqFVVaFHoSuaEmvni8VNuFTC9IAYmqJU7c5elPEXJm40i/x5Zk0GSQ=="
  "resolved" "https://registry.npmjs.org/css-has-pseudo/-/css-has-pseudo-5.0.0.tgz"
  "version" "5.0.0"
  dependencies:
    "@csstools/selector-specificity" "^2.0.1"
    "postcss-selector-parser" "^6.0.10"
    "postcss-value-parser" "^4.2.0"

"css-prefers-color-scheme@^8.0.0":
  "integrity" "sha512-Fb6GOyJRTI3YZ1v0ySi/X+at+ImRGgySsHvAXYsFo62aTa+ClaMi8E9R/oQmJmD8WPpNHgZXQ1nhkXbCCCne3g=="
  "resolved" "https://registry.npmjs.org/css-prefers-color-scheme/-/css-prefers-color-scheme-8.0.0.tgz"
  "version" "8.0.0"

"cssdb@^7.4.0":
  "integrity" "sha512-0Q8NOMpXJ3iTDDbUv9grcmQAfdDx4qz+fN/+Md2FGbevT+6+bJNQ2LjB2YIUlLbpBTM32idU1Sb+tb/uGt6/XQ=="
  "resolved" "https://registry.npmjs.org/cssdb/-/cssdb-7.4.1.tgz"
  "version" "7.4.1"

"cssesc@^3.0.0":
  "integrity" "sha512-/Tb/JcjK111nNScGob5MNtsntNM1aCNUDipB/TkwZFhyDrrE47SOx/18wF2bbjgc3ZzCSKW1T5nt5EbFoAz/Vg=="
  "resolved" "https://registry.npmjs.org/cssesc/-/cssesc-3.0.0.tgz"
  "version" "3.0.0"

"dependency-graph@^0.11.0":
  "integrity" "sha512-JeMq7fEshyepOWDfcfHK06N3MhyPhz++vtqWhMT5O9A3K42rdsEDpfdVqjaqaAhsw6a+ZqeDvQVtD0hFHQWrzg=="
  "resolved" "https://registry.npmjs.org/dependency-graph/-/dependency-graph-0.11.0.tgz"
  "version" "0.11.0"

"dir-glob@^3.0.1":
  "integrity" "sha512-WkrWp9GR4KXfKGYzOLmTuGVi1UWFfws377n9cc55/tb6DuqyF6pcQ5AbiHEshaDpY9v6oaSr2XCDidGmMwdzIA=="
  "resolved" "https://registry.npmjs.org/dir-glob/-/dir-glob-3.0.1.tgz"
  "version" "3.0.1"
  dependencies:
    "path-type" "^4.0.0"

"electron-to-chromium@^1.4.251":
  "integrity" "sha512-M8WEXFuKXMYMVr45fo8mq0wUrrJHheiKZf6BArTKk9ZBYCKJEOU5H8cdWgDT+qCVZf7Na4lVUaZsA+h6uA9+PA=="
  "resolved" "https://registry.npmjs.org/electron-to-chromium/-/electron-to-chromium-1.4.284.tgz"
  "version" "1.4.284"

"emoji-regex@^8.0.0":
  "integrity" "sha512-MSjYzcWNOA0ewAHpz0MxpYFvwg6yjy1NG3xteoqz644VCo/RPgnr1/GGt+ic3iJTzQ8Eu3TdM14SawnVUmGE6A=="
  "resolved" "https://registry.npmjs.org/emoji-regex/-/emoji-regex-8.0.0.tgz"
  "version" "8.0.0"

"escalade@^3.1.1":
  "integrity" "sha512-k0er2gUkLf8O0zKJiAhmkTnJlTvINGv7ygDNPbeIsX/TJjGJZHuh9B2UxbsaEkmlEo9MfhrSzmhIlhRlI2GXnw=="
  "resolved" "https://registry.npmjs.org/escalade/-/escalade-3.1.1.tgz"
  "version" "3.1.1"

"fast-glob@^3.2.11":
  "integrity" "sha512-DVj4CQIYYow0BlaelwK1pHl5n5cRSJfM60UA0zK891sVInoPri2Ekj7+e1CT3/3qxXenpI+nBBmQAcJPJgaj4w=="
  "resolved" "https://registry.npmjs.org/fast-glob/-/fast-glob-3.2.12.tgz"
  "version" "3.2.12"
  dependencies:
    "@nodelib/fs.stat" "^2.0.2"
    "@nodelib/fs.walk" "^1.2.3"
    "glob-parent" "^5.1.2"
    "merge2" "^1.3.0"
    "micromatch" "^4.0.4"

"fastq@^1.6.0":
  "integrity" "sha512-wBrocU2LCXXa+lWBt8RoIRD89Fi8OdABODa/kEnyeyjS5aZO5/GNvI5sEINADqP/h8M29UHTHUb53sUu5Ihqdw=="
  "resolved" "https://registry.npmjs.org/fastq/-/fastq-1.15.0.tgz"
  "version" "1.15.0"
  dependencies:
    "reusify" "^1.0.4"

"fill-range@^7.0.1":
  "integrity" "sha512-qOo9F+dMUmC2Lcb4BbVvnKJxTPjCm+RRpe4gDuGrzkL7mEVl/djYSu2OdQ2Pa302N4oqkSg9ir6jaLWJ2USVpQ=="
  "resolved" "https://registry.npmjs.org/fill-range/-/fill-range-7.0.1.tgz"
  "version" "7.0.1"
  dependencies:
    "to-regex-range" "^5.0.1"

"fraction.js@^4.2.0":
  "integrity" "sha512-MhLuK+2gUcnZe8ZHlaaINnQLl0xRIGRfcGk2yl8xoQAfHrSsL3rYu6FCmBdkdbhc9EPlwyGHewaRsvwRMJtAlA=="
  "resolved" "https://registry.npmjs.org/fraction.js/-/fraction.js-4.2.0.tgz"
  "version" "4.2.0"

"fs-extra@^11.0.0":
  "integrity" "sha512-0rcTq621PD5jM/e0a3EJoGC/1TC5ZBCERW82LQuwfGnCa1V8w7dpYH1yNu+SLb6E5dkeCBzKEyLGlFrnr+dUyw=="
  "resolved" "https://registry.npmjs.org/fs-extra/-/fs-extra-11.1.0.tgz"
  "version" "11.1.0"
  dependencies:
    "graceful-fs" "^4.2.0"
    "jsonfile" "^6.0.1"
    "universalify" "^2.0.0"

"fsevents@~2.3.2":
  "integrity" "sha512-xiqMQR4xAeHTuB9uWm+fFRcIOgKBMiOBP+eXiyT7jsgVCq1bkVygt00oASowB7EdtpOHaaPgKt812P9ab+DDKA=="
  "resolved" "https://registry.npmjs.org/fsevents/-/fsevents-2.3.2.tgz"
  "version" "2.3.2"

"function-bind@^1.1.1":
  "integrity" "sha512-yIovAzMX49sF8Yl58fSCWJ5svSLuaibPxXQJFLmBObTuCr0Mf1KiPopGM9NiFjiYBCbfaa2Fh6breQ6ANVTI0A=="
  "resolved" "https://registry.npmjs.org/function-bind/-/function-bind-1.1.1.tgz"
  "version" "1.1.1"

"get-caller-file@^2.0.5":
  "integrity" "sha512-DyFP3BM/3YHTQOCUL/w0OZHR0lpKeGrxotcHWcqNEdnltqFwXVfhEBQ94eIo34AfQpo0rGki4cyIiftY06h2Fg=="
  "resolved" "https://registry.npmjs.org/get-caller-file/-/get-caller-file-2.0.5.tgz"
  "version" "2.0.5"

"get-stdin@^9.0.0":
  "integrity" "sha512-dVKBjfWisLAicarI2Sf+JuBE/DghV4UzNAVe9yhEJuzeREd3JhOTE9cUaJTeSa77fsbQUK3pcOpJfM59+VKZaA=="
  "resolved" "https://registry.npmjs.org/get-stdin/-/get-stdin-9.0.0.tgz"
  "version" "9.0.0"

"glob-parent@^5.1.2", "glob-parent@~5.1.2":
  "integrity" "sha512-AOIgSQCepiJYwP3ARnGx+5VnTu2HBYdzbGP45eLw1vr3zB3vZLeyed1sC9hnbcOc9/SrMyM5RPQrkGz4aS9Zow=="
  "resolved" "https://registry.npmjs.org/glob-parent/-/glob-parent-5.1.2.tgz"
  "version" "5.1.2"
  dependencies:
    "is-glob" "^4.0.1"

"globby@^13.0.0":
  "integrity" "sha512-8krCNHXvlCgHDpegPzleMq07yMYTO2sXKASmZmquEYWEmCx6J5UTRbp5RwMJkTJGtcQ44YpiUYUiN0b9mzy8Bw=="
  "resolved" "https://registry.npmjs.org/globby/-/globby-13.1.3.tgz"
  "version" "13.1.3"
  dependencies:
    "dir-glob" "^3.0.1"
    "fast-glob" "^3.2.11"
    "ignore" "^5.2.0"
    "merge2" "^1.4.1"
    "slash" "^4.0.0"

"graceful-fs@^4.1.6", "graceful-fs@^4.2.0":
  "integrity" "sha512-9ByhssR2fPVsNZj478qUUbKfmL0+t5BDVyjShtyZZLiK7ZDAArFFfopyOTj0M05wE2tJPisA4iTnnXl2YoPvOA=="
  "resolved" "https://registry.npmjs.org/graceful-fs/-/graceful-fs-4.2.10.tgz"
  "version" "4.2.10"

"has@^1.0.3":
  "integrity" "sha512-f2dvO0VU6Oej7RkWJGrehjbzMAjFp5/VKPp5tTpWIV4JHHZK1/BxbFRtf/siA2SWTe09caDmVtYYzWEIbBS4zw=="
  "resolved" "https://registry.npmjs.org/has/-/has-1.0.3.tgz"
  "version" "1.0.3"
  dependencies:
    "function-bind" "^1.1.1"

"ignore@^5.2.0":
  "integrity" "sha512-MAb38BcSbH0eHNBxn7ql2NH/kX33OkB3lZ1BNdh7ENeRChHTYsTvWrMubiIAMNS2llXEEgZ1MUOBtXChP3kaFQ=="
  "resolved" "https://registry.npmjs.org/ignore/-/ignore-5.2.4.tgz"
  "version" "5.2.4"

"is-binary-path@~2.1.0":
  "integrity" "sha512-ZMERYes6pDydyuGidse7OsHxtbI7WVeUEozgR/g7rd0xUimYNlvZRE/K2MgZTjWy725IfelLeVcEM97mmtRGXw=="
  "resolved" "https://registry.npmjs.org/is-binary-path/-/is-binary-path-2.1.0.tgz"
  "version" "2.1.0"
  dependencies:
    "binary-extensions" "^2.0.0"

"is-core-module@^2.9.0":
  "integrity" "sha512-RRjxlvLDkD1YJwDbroBHMb+cukurkDWNyHx7D3oNB5x9rb5ogcksMC5wHCadcXoo67gVr/+3GFySh3134zi6rw=="
  "resolved" "https://registry.npmjs.org/is-core-module/-/is-core-module-2.11.0.tgz"
  "version" "2.11.0"
  dependencies:
    "has" "^1.0.3"

"is-extglob@^2.1.1":
  "integrity" "sha512-SbKbANkN603Vi4jEZv49LeVJMn4yGwsbzZworEoyEiutsN3nJYdbO36zfhGJ6QEDpOZIFkDtnq5JRxmvl3jsoQ=="
  "resolved" "https://registry.npmjs.org/is-extglob/-/is-extglob-2.1.1.tgz"
  "version" "2.1.1"

"is-fullwidth-code-point@^3.0.0":
  "integrity" "sha512-zymm5+u+sCsSWyD9qNaejV3DFvhCKclKdizYaJUuHA83RLjb7nSuGnddCHGv0hk+KY7BMAlsWeK4Ueg6EV6XQg=="
  "resolved" "https://registry.npmjs.org/is-fullwidth-code-point/-/is-fullwidth-code-point-3.0.0.tgz"
  "version" "3.0.0"

"is-glob@^4.0.1", "is-glob@~4.0.1":
  "integrity" "sha512-xelSayHH36ZgE7ZWhli7pW34hNbNl8Ojv5KVmkJD4hBdD3th8Tfk9vYasLM+mXWOZhFkgZfxhLSnrwRr4elSSg=="
  "resolved" "https://registry.npmjs.org/is-glob/-/is-glob-4.0.3.tgz"
  "version" "4.0.3"
  dependencies:
    "is-extglob" "^2.1.1"

"is-number@^7.0.0":
  "integrity" "sha512-41Cifkg6e8TylSpdtTpeLVMqvSBEVzTttHvERD741+pnZ8ANv0004MRL43QKPDlK9cGvNp6NZWZUBlbGXYxxng=="
  "resolved" "https://registry.npmjs.org/is-number/-/is-number-7.0.0.tgz"
  "version" "7.0.0"

"jsonfile@^6.0.1":
  "integrity" "sha512-5dgndWOriYSm5cnYaJNhalLNDKOqFwyDB/rr1E9ZsGciGvKPs8R2xYGCacuf3z6K1YKDz182fd+fY3cn3pMqXQ=="
  "resolved" "https://registry.npmjs.org/jsonfile/-/jsonfile-6.1.0.tgz"
  "version" "6.1.0"
  dependencies:
    "universalify" "^2.0.0"
  optionalDependencies:
    "graceful-fs" "^4.1.6"

"lilconfig@^2.0.5":
  "integrity" "sha512-9JROoBW7pobfsx+Sq2JsASvCo6Pfo6WWoUW79HuB1BCoBXD4PLWJPqDF6fNj67pqBYTbAHkE57M1kS/+L1neOg=="
  "resolved" "https://registry.npmjs.org/lilconfig/-/lilconfig-2.0.6.tgz"
  "version" "2.0.6"

"merge2@^1.3.0", "merge2@^1.4.1":
  "integrity" "sha512-8q7VEgMJW4J8tcfVPy8g09NcQwZdbwFEqhe/WZkoIzjn/3TGDwtOCYtXGxA3O8tPzpczCCDgv+P2P5y00ZJOOg=="
  "resolved" "https://registry.npmjs.org/merge2/-/merge2-1.4.1.tgz"
  "version" "1.4.1"

"micromatch@^4.0.4":
  "integrity" "sha512-DMy+ERcEW2q8Z2Po+WNXuw3c5YaUSFjAO5GsJqfEl7UjvtIuFKO6ZrKvcItdy98dwFI2N1tg3zNIdKaQT+aNdA=="
  "resolved" "https://registry.npmjs.org/micromatch/-/micromatch-4.0.5.tgz"
  "version" "4.0.5"
  dependencies:
    "braces" "^3.0.2"
    "picomatch" "^2.3.1"

"nanoid@^3.3.4":
  "integrity" "sha512-MqBkQh/OHTS2egovRtLk45wEyNXwF+cokD+1YPf9u5VfJiRdAiRwB2froX5Co9Rh20xs4siNPm8naNotSD6RBw=="
  "resolved" "https://registry.npmjs.org/nanoid/-/nanoid-3.3.4.tgz"
  "version" "3.3.4"

"node-releases@^2.0.6":
  "integrity" "sha512-dFSmB8fFHEH/s81Xi+Y/15DQY6VHW81nXRj86EMSL3lmuTmK1e+aT4wrFCkTbm+gSwkw4KpX+rT/pMM2c1mF+A=="
  "resolved" "https://registry.npmjs.org/node-releases/-/node-releases-2.0.8.tgz"
  "version" "2.0.8"

"normalize-path@^3.0.0", "normalize-path@~3.0.0":
  "integrity" "sha512-6eZs5Ls3WtCisHWp9S2GUy8dqkpGi4BVSz3GaqiE6ezub0512ESztXUwUB6C6IKbQkY2Pnb/mD4WYojCRwcwLA=="
  "resolved" "https://registry.npmjs.org/normalize-path/-/normalize-path-3.0.0.tgz"
  "version" "3.0.0"

"normalize-range@^0.1.2":
  "integrity" "sha512-bdok/XvKII3nUpklnV6P2hxtMNrCboOjAcyBuQnWEhO665FwrSNRxU+AqpsyvO6LgGYPspN+lu5CLtw4jPRKNA=="
  "resolved" "https://registry.npmjs.org/normalize-range/-/normalize-range-0.1.2.tgz"
  "version" "0.1.2"

"path-parse@^1.0.7":
  "integrity" "sha512-LDJzPVEEEPR+y48z93A0Ed0yXb8pAByGWo/k5YYdYgpY2/2EsOsksJrq7lOHxryrVOn1ejG6oAp8ahvOIQD8sw=="
  "resolved" "https://registry.npmjs.org/path-parse/-/path-parse-1.0.7.tgz"
  "version" "1.0.7"

"path-type@^4.0.0":
  "integrity" "sha512-gDKb8aZMDeD/tZWs9P6+q0J9Mwkdl6xMV8TjnGP3qJVJ06bdMgkbBlLU8IdfOsIsFz2BW1rNVT3XuNEl8zPAvw=="
  "resolved" "https://registry.npmjs.org/path-type/-/path-type-4.0.0.tgz"
  "version" "4.0.0"

"picocolors@^1.0.0":
  "integrity" "sha512-1fygroTLlHu66zi26VoTDv8yRgm0Fccecssto+MhsZ0D/DGW2sm8E8AjW7NU5VVTRt5GxbeZ5qBuJr+HyLYkjQ=="
  "resolved" "https://registry.npmjs.org/picocolors/-/picocolors-1.0.0.tgz"
  "version" "1.0.0"

"picomatch@^2.0.4", "picomatch@^2.2.1", "picomatch@^2.3.1":
  "integrity" "sha512-JU3teHTNjmE2VCGFzuY8EXzCDVwEqB2a8fsIvwaStHhAWJEeVd1o1QD80CU6+ZdEXXSLbSsuLwJjkCBWqRQUVA=="
  "resolved" "https://registry.npmjs.org/picomatch/-/picomatch-2.3.1.tgz"
  "version" "2.3.1"

"pify@^2.3.0":
  "integrity" "sha512-udgsAY+fTnvv7kI7aaxbqwWNb0AHiB0qBO89PZKPkoTmGOgdbrHDKD+0B2X4uTfJ/FT1R09r9gTsjUjNJotuog=="
  "resolved" "https://registry.npmjs.org/pify/-/pify-2.3.0.tgz"
  "version" "2.3.0"

"postcss-attribute-case-insensitive@^6.0.0":
  "integrity" "sha512-Bi5tVYe9rKjU1k1v9xzAAZqMzUrlb2sVbRyV7ZDdtLJVpxV+6db5Yd6ESe6CMl09brexIfDUrGPVB1IbVc7bQQ=="
  "resolved" "https://registry.npmjs.org/postcss-attribute-case-insensitive/-/postcss-attribute-case-insensitive-6.0.0.tgz"
  "version" "6.0.0"
  dependencies:
    "postcss-selector-parser" "^6.0.10"

"postcss-clamp@^4.1.0":
  "integrity" "sha512-ry4b1Llo/9zz+PKC+030KUnPITTJAHeOwjfAyyB60eT0AorGLdzp52s31OsPRHRf8NchkgFoG2y6fCfn1IV1Ow=="
  "resolved" "https://registry.npmjs.org/postcss-clamp/-/postcss-clamp-4.1.0.tgz"
  "version" "4.1.0"
  dependencies:
    "postcss-value-parser" "^4.2.0"

"postcss-cli@^10.1.0":
  "integrity" "sha512-Zu7PLORkE9YwNdvOeOVKPmWghprOtjFQU3srMUGbdz3pHJiFh7yZ4geiZFMkjMfB0mtTFR3h8RemR62rPkbOPA=="
  "resolved" "https://registry.npmjs.org/postcss-cli/-/postcss-cli-10.1.0.tgz"
  "version" "10.1.0"
  dependencies:
    "chokidar" "^3.3.0"
    "dependency-graph" "^0.11.0"
    "fs-extra" "^11.0.0"
    "get-stdin" "^9.0.0"
    "globby" "^13.0.0"
    "picocolors" "^1.0.0"
    "postcss-load-config" "^4.0.0"
    "postcss-reporter" "^7.0.0"
    "pretty-hrtime" "^1.0.3"
    "read-cache" "^1.0.0"
    "slash" "^5.0.0"
    "yargs" "^17.0.0"

"postcss-color-functional-notation@^5.0.0":
  "integrity" "sha512-oxsPSdf6i2DJyNj24/hvQDaTyoztDwG0TMannHGUnFAdA6xSwB8Io5iDDqZcDrXTJTy32erpG9ETmwhMPPuCNg=="
  "resolved" "https://registry.npmjs.org/postcss-color-functional-notation/-/postcss-color-functional-notation-5.0.0.tgz"
  "version" "5.0.0"
  dependencies:
    "postcss-value-parser" "^4.2.0"

"postcss-color-hex-alpha@^9.0.0":
  "integrity" "sha512-NdIN7IzYadBApUm+wULJR03746sKliIrmRIdjHF6GaUCztsDdcq4L9wtYz5X3mw/t08mjZx8ld5By6StB+1lLQ=="
  "resolved" "https://registry.npmjs.org/postcss-color-hex-alpha/-/postcss-color-hex-alpha-9.0.0.tgz"
  "version" "9.0.0"
  dependencies:
    "postcss-value-parser" "^4.2.0"

"postcss-color-rebeccapurple@^8.0.0":
  "integrity" "sha512-K0PT/ZNEYva+jIlueaI8OUPL59SfPThflYe/htggUKaS6ydiimPmtvrFb8OsTJHcQ6QUPcIySTZdFNmdnEITQg=="
  "resolved" "https://registry.npmjs.org/postcss-color-rebeccapurple/-/postcss-color-rebeccapurple-8.0.0.tgz"
  "version" "8.0.0"
  dependencies:
    "postcss-value-parser" "^4.2.0"

"postcss-custom-media@^9.1.0":
  "integrity" "sha512-K9sIQhdsXazHyhHaMIL/wztFV6ABHi6NwxNPO3q0o0T2zkI4oEqI1TjeoncBKIY6xPrqnWTV40KF8AJ7yd0W6g=="
  "resolved" "https://registry.npmjs.org/postcss-custom-media/-/postcss-custom-media-9.1.0.tgz"
  "version" "9.1.0"
  dependencies:
    "@csstools/cascade-layer-name-parser" "^1.0.0"
    "@csstools/css-parser-algorithms" "^2.0.0"
    "@csstools/css-tokenizer" "^2.0.0"
    "@csstools/media-query-list-parser" "^2.0.0"

"postcss-custom-properties@^13.1.0":
  "integrity" "sha512-O0Lg0CuHwADctEMBgGtaeams7eFES8pXo/9zBClTbRVdU3LFAkFluw1l9eYnJ3rtidp80EGbAIuiisEIu1Z+uA=="
  "resolved" "https://registry.npmjs.org/postcss-custom-properties/-/postcss-custom-properties-13.1.0.tgz"
  "version" "13.1.0"
  dependencies:
    "@csstools/cascade-layer-name-parser" "^1.0.0"
    "@csstools/css-parser-algorithms" "^2.0.0"
    "@csstools/css-tokenizer" "^2.0.0"
    "postcss-value-parser" "^4.2.0"

"postcss-custom-selectors@^7.1.0":
  "integrity" "sha512-83a8lfR+3tWotHDGGPSadPB0oqBieqi62EhdBe7Qo+eW/aEst7xjq2fXH+dUy8KVEFcM3jobXMYJnSo6omcVHA=="
  "resolved" "https://registry.npmjs.org/postcss-custom-selectors/-/postcss-custom-selectors-7.1.0.tgz"
  "version" "7.1.0"
  dependencies:
    "@csstools/cascade-layer-name-parser" "^1.0.0"
    "@csstools/css-parser-algorithms" "^2.0.0"
    "@csstools/css-tokenizer" "^2.0.0"
    "postcss-selector-parser" "^6.0.4"

"postcss-dir-pseudo-class@^7.0.0":
  "integrity" "sha512-i8I6vqB0T0fpanLBjFoMPp3iTgKPccZCyZ149Q1RuRVlnKD00DbRFSkbp4/XDJaNzKJeto/DM/Uj62icEtVh9A=="
  "resolved" "https://registry.npmjs.org/postcss-dir-pseudo-class/-/postcss-dir-pseudo-class-7.0.0.tgz"
  "version" "7.0.0"
  dependencies:
    "postcss-selector-parser" "^6.0.10"

"postcss-double-position-gradients@^4.0.0":
  "integrity" "sha512-RTOs3chf/D1ETvaT+BcdGkPmRxoImZn3hmfAkFGET5ijx3Lnw7npubQDvwqOL1on54/uN6w9BGuEMSUsOK+2kA=="
  "resolved" "https://registry.npmjs.org/postcss-double-position-gradients/-/postcss-double-position-gradients-4.0.0.tgz"
  "version" "4.0.0"
  dependencies:
    "@csstools/postcss-progressive-custom-properties" "^2.0.0"
    "postcss-value-parser" "^4.2.0"

"postcss-focus-visible@^8.0.0":
  "integrity" "sha512-mLIYkOFGXJSJtFwj9VX5LYUfWbxuwBWQxOqcdKk2p4apCAvsxji0jFpZhOPEpwD9YFbcTi0RWb+9Zam5y7qw5g=="
  "resolved" "https://registry.npmjs.org/postcss-focus-visible/-/postcss-focus-visible-8.0.0.tgz"
  "version" "8.0.0"
  dependencies:
    "postcss-selector-parser" "^6.0.10"

"postcss-focus-within@^7.0.0":
  "integrity" "sha512-DdIAwUY/7D981ROrWjxDuhCOTlbgjqbn2lCCuHWcGm+4s3m7thOCQzBGWBFc1heIx3MkiG1qF4Ew4logiPOxaQ=="
  "resolved" "https://registry.npmjs.org/postcss-focus-within/-/postcss-focus-within-7.0.0.tgz"
  "version" "7.0.0"
  dependencies:
    "postcss-selector-parser" "^6.0.10"

"postcss-font-variant@^5.0.0":
  "integrity" "sha512-1fmkBaCALD72CK2a9i468mA/+tr9/1cBxRRMXOUaZqO43oWPR5imcyPjXwuv7PXbCid4ndlP5zWhidQVVa3hmA=="
  "resolved" "https://registry.npmjs.org/postcss-font-variant/-/postcss-font-variant-5.0.0.tgz"
  "version" "5.0.0"

"postcss-gap-properties@^4.0.0":
  "integrity" "sha512-ACrVEX+DZRkFNImiRBiFw56BW7OY43F/0AjusgBxGNE0mLvfqINkYQT421YMHB7HGs+rekladOcBNmYZu6+/iQ=="
  "resolved" "https://registry.npmjs.org/postcss-gap-properties/-/postcss-gap-properties-4.0.0.tgz"
  "version" "4.0.0"

"postcss-image-set-function@^5.0.0":
  "integrity" "sha512-a7q8XdGnU4OMnBqRzVkUBTtuRztD4YIy0b+52OxAcBqvhOU39A4ego9fUpVaqqrQrDOVuXmh/MYwC82aYuJkfQ=="
  "resolved" "https://registry.npmjs.org/postcss-image-set-function/-/postcss-image-set-function-5.0.0.tgz"
  "version" "5.0.0"
  dependencies:
    "postcss-value-parser" "^4.2.0"

"postcss-import@^15.1.0":
  "integrity" "sha512-hpr+J05B2FVYUAXHeK1YyI267J/dDDhMU6B6civm8hSY1jYJnBXxzKDKDswzJmtLHryrjhnDjqqp/49t8FALew=="
  "resolved" "https://registry.npmjs.org/postcss-import/-/postcss-import-15.1.0.tgz"
  "version" "15.1.0"
  dependencies:
    "postcss-value-parser" "^4.0.0"
    "read-cache" "^1.0.0"
    "resolve" "^1.1.7"

"postcss-initial@^4.0.1":
  "integrity" "sha512-0ueD7rPqX8Pn1xJIjay0AZeIuDoF+V+VvMt/uOnn+4ezUKhZM/NokDeP6DwMNyIoYByuN/94IQnt5FEkaN59xQ=="
  "resolved" "https://registry.npmjs.org/postcss-initial/-/postcss-initial-4.0.1.tgz"
  "version" "4.0.1"

"postcss-lab-function@^5.0.0":
  "integrity" "sha512-XTV77sdIJGPxDYzZxXE0giTn3mQDC/sl/a9i2VVOPdVEEK7wFbd3kM9Dom20F4WtioTFllpDl3oMBoQvCrl79w=="
  "resolved" "https://registry.npmjs.org/postcss-lab-function/-/postcss-lab-function-5.0.0.tgz"
  "version" "5.0.0"
  dependencies:
    "@csstools/postcss-progressive-custom-properties" "^2.0.0"
    "postcss-value-parser" "^4.2.0"

"postcss-load-config@^4.0.0":
  "integrity" "sha512-vEJIc8RdiBRu3oRAI0ymerOn+7rPuMvRXslTvZUKZonDHFIczxztIyJ1urxM1x9JXEikvpWWTUUqal5j/8QgvA=="
  "resolved" "https://registry.npmjs.org/postcss-load-config/-/postcss-load-config-4.0.1.tgz"
  "version" "4.0.1"
  dependencies:
    "lilconfig" "^2.0.5"
    "yaml" "^2.1.1"

"postcss-logical@^6.0.0":
  "integrity" "sha512-pn50jY5c+PmpYiTZ7KfYQ4aKXAVaFfZgNevtUwXglD22TxfLrrYD5d8m7UDQkT9CAfYvBgSkzPSBWTyE0WuQmA=="
  "resolved" "https://registry.npmjs.org/postcss-logical/-/postcss-logical-6.0.0.tgz"
  "version" "6.0.0"
  dependencies:
    "postcss-value-parser" "^4.2.0"

"postcss-media-minmax@^5.0.0":
  "integrity" "sha512-yDUvFf9QdFZTuCUg0g0uNSHVlJ5X1lSzDZjPSFaiCWvjgsvu8vEVxtahPrLMinIDEEGnx6cBe6iqdx5YWz08wQ=="
  "resolved" "https://registry.npmjs.org/postcss-media-minmax/-/postcss-media-minmax-5.0.0.tgz"
  "version" "5.0.0"

"postcss-nesting@^11.0.0":
  "integrity" "sha512-Y+jmDpQuSSoM/Qq+rqDc4D3E8Cn84qUmJLFS/M5u0YgM+5adLi9qFApbz5XzjzXjGAzItTUCP7RikLGy06ebiA=="
  "resolved" "https://registry.npmjs.org/postcss-nesting/-/postcss-nesting-11.0.0.tgz"
  "version" "11.0.0"
  dependencies:
    "@csstools/selector-specificity" "^2.0.0"
    "postcss-selector-parser" "^6.0.10"

"postcss-opacity-percentage@^1.1.3":
  "integrity" "sha512-An6Ba4pHBiDtyVpSLymUUERMo2cU7s+Obz6BTrS+gxkbnSBNKSuD0AVUc+CpBMrpVPKKfoVz0WQCX+Tnst0i4A=="
  "resolved" "https://registry.npmjs.org/postcss-opacity-percentage/-/postcss-opacity-percentage-1.1.3.tgz"
  "version" "1.1.3"

"postcss-overflow-shorthand@^4.0.0":
  "integrity" "sha512-HJ+HIX6IeVyDBu+b5cJScwGYPnGokswXWH1izVgJGT6D5mrHzQJUvWWvHBRlopCAEbtose+JNOjRQgTRGHjm3A=="
  "resolved" "https://registry.npmjs.org/postcss-overflow-shorthand/-/postcss-overflow-shorthand-4.0.0.tgz"
  "version" "4.0.0"
  dependencies:
    "postcss-value-parser" "^4.2.0"

"postcss-page-break@^3.0.4":
  "integrity" "sha512-1JGu8oCjVXLa9q9rFTo4MbeeA5FMe00/9C7lN4va606Rdb+HkxXtXsmEDrIraQ11fGz/WvKWa8gMuCKkrXpTsQ=="
  "resolved" "https://registry.npmjs.org/postcss-page-break/-/postcss-page-break-3.0.4.tgz"
  "version" "3.0.4"

"postcss-place@^8.0.0":
  "integrity" "sha512-LFAiOWgekmvJ8/o4Cl1pPTuMryoMkr8PqAgv4j8i7iB9quinOhG4TXaq8RpF4nNIb9qOvn6+6LX4/BLcnza3rQ=="
  "resolved" "https://registry.npmjs.org/postcss-place/-/postcss-place-8.0.0.tgz"
  "version" "8.0.0"
  dependencies:
    "postcss-value-parser" "^4.2.0"

"postcss-preset-env@^8.0.0":
  "integrity" "sha512-/kFWdq109OONR2Hl3T3nmo1dOdS7lHB6kF/nPaBn/2lGjQ99f/j5vGBYvupSmSni+F7T/0A0Xb0nfbJLnxwdjA=="
  "resolved" "https://registry.npmjs.org/postcss-preset-env/-/postcss-preset-env-8.0.0.tgz"
  "version" "8.0.0"
  dependencies:
    "@csstools/postcss-cascade-layers" "^3.0.0"
    "@csstools/postcss-color-function" "^2.0.0"
    "@csstools/postcss-font-format-keywords" "^2.0.0"
    "@csstools/postcss-hwb-function" "^2.0.0"
    "@csstools/postcss-ic-unit" "^2.0.0"
    "@csstools/postcss-is-pseudo-class" "^3.0.0"
    "@csstools/postcss-logical-float-and-clear" "^1.0.0"
    "@csstools/postcss-logical-resize" "^1.0.0"
    "@csstools/postcss-logical-viewport-units" "^1.0.0"
    "@csstools/postcss-media-queries-aspect-ratio-number-values" "^1.0.0"
    "@csstools/postcss-nested-calc" "^2.0.0"
    "@csstools/postcss-normalize-display-values" "^2.0.0"
    "@csstools/postcss-oklab-function" "^2.0.0"
    "@csstools/postcss-progressive-custom-properties" "^2.0.0"
    "@csstools/postcss-scope-pseudo-class" "^2.0.0"
    "@csstools/postcss-stepped-value-functions" "^2.0.0"
    "@csstools/postcss-text-decoration-shorthand" "^2.0.0"
    "@csstools/postcss-trigonometric-functions" "^2.0.0"
    "@csstools/postcss-unset-value" "^2.0.0"
    "autoprefixer" "^10.4.13"
    "browserslist" "^4.21.4"
    "css-blank-pseudo" "^5.0.0"
    "css-has-pseudo" "^5.0.0"
    "css-prefers-color-scheme" "^8.0.0"
    "cssdb" "^7.4.0"
    "postcss-attribute-case-insensitive" "^6.0.0"
    "postcss-clamp" "^4.1.0"
    "postcss-color-functional-notation" "^5.0.0"
    "postcss-color-hex-alpha" "^9.0.0"
    "postcss-color-rebeccapurple" "^8.0.0"
    "postcss-custom-media" "^9.1.0"
    "postcss-custom-properties" "^13.1.0"
    "postcss-custom-selectors" "^7.1.0"
    "postcss-dir-pseudo-class" "^7.0.0"
    "postcss-double-position-gradients" "^4.0.0"
    "postcss-focus-visible" "^8.0.0"
    "postcss-focus-within" "^7.0.0"
    "postcss-font-variant" "^5.0.0"
    "postcss-gap-properties" "^4.0.0"
    "postcss-image-set-function" "^5.0.0"
    "postcss-initial" "^4.0.1"
    "postcss-lab-function" "^5.0.0"
    "postcss-logical" "^6.0.0"
    "postcss-media-minmax" "^5.0.0"
    "postcss-nesting" "^11.0.0"
    "postcss-opacity-percentage" "^1.1.3"
    "postcss-overflow-shorthand" "^4.0.0"
    "postcss-page-break" "^3.0.4"
    "postcss-place" "^8.0.0"
    "postcss-pseudo-class-any-link" "^8.0.0"
    "postcss-replace-overflow-wrap" "^4.0.0"
    "postcss-selector-not" "^7.0.0"
    "postcss-value-parser" "^4.2.0"

"postcss-pseudo-class-any-link@^8.0.0":
  "integrity" "sha512-9+SUrDDrmyQijQBRSZFfx5eL0N9sdtHhibcGPgmyQyYCshFZbhH22vfbo2z84U2TI8kh1TrN86t5N2xN2ojq0w=="
  "resolved" "https://registry.npmjs.org/postcss-pseudo-class-any-link/-/postcss-pseudo-class-any-link-8.0.0.tgz"
  "version" "8.0.0"
  dependencies:
    "postcss-selector-parser" "^6.0.10"

"postcss-replace-overflow-wrap@^4.0.0":
  "integrity" "sha512-KmF7SBPphT4gPPcKZc7aDkweHiKEEO8cla/GjcBK+ckKxiZslIu3C4GCRW3DNfL0o7yW7kMQu9xlZ1kXRXLXtw=="
  "resolved" "https://registry.npmjs.org/postcss-replace-overflow-wrap/-/postcss-replace-overflow-wrap-4.0.0.tgz"
  "version" "4.0.0"

"postcss-reporter@^7.0.0":
  "integrity" "sha512-glWg7VZBilooZGOFPhN9msJ3FQs19Hie7l5a/eE6WglzYqVeH3ong3ShFcp9kDWJT1g2Y/wd59cocf9XxBtkWA=="
  "resolved" "https://registry.npmjs.org/postcss-reporter/-/postcss-reporter-7.0.5.tgz"
  "version" "7.0.5"
  dependencies:
    "picocolors" "^1.0.0"
    "thenby" "^1.3.4"

"postcss-selector-not@^7.0.0":
  "integrity" "sha512-vYYltgqe8JXLW/oWuENL6mKc7zbJWDA86kwQgGzJsalkvPOPcaM+G90FqjEiGllRAXIv3WmgehtQEfIJUDlUhg=="
  "resolved" "https://registry.npmjs.org/postcss-selector-not/-/postcss-selector-not-7.0.0.tgz"
  "version" "7.0.0"
  dependencies:
    "postcss-selector-parser" "^6.0.10"

"postcss-selector-parser@^6.0.10", "postcss-selector-parser@^6.0.4":
  "integrity" "sha512-zbARubNdogI9j7WY4nQJBiNqQf3sLS3wCP4WfOidu+p28LofJqDH1tcXypGrcmMHhDk2t9wGhCsYe/+szLTy1g=="
  "resolved" "https://registry.npmjs.org/postcss-selector-parser/-/postcss-selector-parser-6.0.11.tgz"
  "version" "6.0.11"
  dependencies:
    "cssesc" "^3.0.0"
    "util-deprecate" "^1.0.2"

"postcss-value-parser@^4.0.0", "postcss-value-parser@^4.2.0":
  "integrity" "sha512-1NNCs6uurfkVbeXG4S8JFT9t19m45ICnif8zWLd5oPSZ50QnwMfK+H3jv408d4jw/7Bttv5axS5IiHoLaVNHeQ=="
  "resolved" "https://registry.npmjs.org/postcss-value-parser/-/postcss-value-parser-4.2.0.tgz"
  "version" "4.2.0"

"postcss@^8", "postcss@^8.0.0", "postcss@^8.0.3", "postcss@^8.1.0", "postcss@^8.2", "postcss@^8.4", "postcss@^8.4.21", "postcss@^8.4.6", "postcss@>=8.0.9":
  "integrity" "sha512-tP7u/Sn/dVxK2NnruI4H9BG+x+Wxz6oeZ1cJ8P6G/PZY0IKk4k/63TDsQf2kQq3+qoJeLm2kIBUNlZe3zgb4Zg=="
  "resolved" "https://registry.npmjs.org/postcss/-/postcss-8.4.21.tgz"
  "version" "8.4.21"
  dependencies:
    "nanoid" "^3.3.4"
    "picocolors" "^1.0.0"
    "source-map-js" "^1.0.2"

"pretty-hrtime@^1.0.3":
  "integrity" "sha512-66hKPCr+72mlfiSjlEB1+45IjXSqvVAIy6mocupoww4tBFE9R9IhwwUGoI4G++Tc9Aq+2rxOt0RFU6gPcrte0A=="
  "resolved" "https://registry.npmjs.org/pretty-hrtime/-/pretty-hrtime-1.0.3.tgz"
  "version" "1.0.3"

"queue-microtask@^1.2.2":
  "integrity" "sha512-NuaNSa6flKT5JaSYQzJok04JzTL1CA6aGhv5rfLW3PgqA+M2ChpZQnAC8h8i4ZFkBS8X5RqkDBHA7r4hej3K9A=="
  "resolved" "https://registry.npmjs.org/queue-microtask/-/queue-microtask-1.2.3.tgz"
  "version" "1.2.3"

"read-cache@^1.0.0":
  "integrity" "sha512-Owdv/Ft7IjOgm/i0xvNDZ1LrRANRfew4b2prF3OWMQLxLfu3bS8FVhCsrSCMK4lR56Y9ya+AThoTpDCTxCmpRA=="
  "resolved" "https://registry.npmjs.org/read-cache/-/read-cache-1.0.0.tgz"
  "version" "1.0.0"
  dependencies:
    "pify" "^2.3.0"

"readdirp@~3.6.0":
  "integrity" "sha512-hOS089on8RduqdbhvQ5Z37A0ESjsqz6qnRcffsMU3495FuTdqSm+7bhJ29JvIOsBDEEnan5DPu9t3To9VRlMzA=="
  "resolved" "https://registry.npmjs.org/readdirp/-/readdirp-3.6.0.tgz"
  "version" "3.6.0"
  dependencies:
    "picomatch" "^2.2.1"

"require-directory@^2.1.1":
  "integrity" "sha512-fGxEI7+wsG9xrvdjsrlmL22OMTTiHRwAMroiEeMgq8gzoLC/PQr7RsRDSTLUg/bZAZtF+TVIkHc6/4RIKrui+Q=="
  "resolved" "https://registry.npmjs.org/require-directory/-/require-directory-2.1.1.tgz"
  "version" "2.1.1"

"resolve@^1.1.7":
  "integrity" "sha512-nBpuuYuY5jFsli/JIs1oldw6fOQCBioohqWZg/2hiaOybXOft4lonv85uDOKXdf8rhyK159cxU5cDcK/NKk8zw=="
  "resolved" "https://registry.npmjs.org/resolve/-/resolve-1.22.1.tgz"
  "version" "1.22.1"
  dependencies:
    "is-core-module" "^2.9.0"
    "path-parse" "^1.0.7"
    "supports-preserve-symlinks-flag" "^1.0.0"

"reusify@^1.0.4":
  "integrity" "sha512-U9nH88a3fc/ekCF1l0/UP1IosiuIjyTh7hBvXVMHYgVcfGvt897Xguj2UOLDeI5BG2m7/uwyaLVT6fbtCwTyzw=="
  "resolved" "https://registry.npmjs.org/reusify/-/reusify-1.0.4.tgz"
  "version" "1.0.4"

"run-parallel@^1.1.9":
  "integrity" "sha512-5l4VyZR86LZ/lDxZTR6jqL8AFE2S0IFLMP26AbjsLVADxHdhB/c0GUsH+y39UfCi3dzz8OlQuPmnaJOMoDHQBA=="
  "resolved" "https://registry.npmjs.org/run-parallel/-/run-parallel-1.2.0.tgz"
  "version" "1.2.0"
  dependencies:
    "queue-microtask" "^1.2.2"

"slash@^4.0.0":
  "integrity" "sha512-3dOsAHXXUkQTpOYcoAxLIorMTp4gIQr5IW3iVb7A7lFIp0VHhnynm9izx6TssdrIcVIESAlVjtnO2K8bg+Coew=="
  "resolved" "https://registry.npmjs.org/slash/-/slash-4.0.0.tgz"
  "version" "4.0.0"

"slash@^5.0.0":
  "integrity" "sha512-n6KkmvKS0623igEVj3FF0OZs1gYYJ0o0Hj939yc1fyxl2xt+xYpLnzJB6xBSqOfV9ZFLEWodBBN/heZJahuIJQ=="
  "resolved" "https://registry.npmjs.org/slash/-/slash-5.0.0.tgz"
  "version" "5.0.0"

"source-map-js@^1.0.2":
  "integrity" "sha512-R0XvVJ9WusLiqTCEiGCmICCMplcCkIwwR11mOSD9CR5u+IXYdiseeEuXCVAjS54zqwkLcPNnmU4OeJ6tUrWhDw=="
  "resolved" "https://registry.npmjs.org/source-map-js/-/source-map-js-1.0.2.tgz"
  "version" "1.0.2"

"string-width@^4.1.0", "string-width@^4.2.0", "string-width@^4.2.3":
  "integrity" "sha512-wKyQRQpjJ0sIp62ErSZdGsjMJWsap5oRNihHhu6G7JVO/9jIB6UyevL+tXuOqrng8j/cxKTWyWUwvSTriiZz/g=="
  "resolved" "https://registry.npmjs.org/string-width/-/string-width-4.2.3.tgz"
  "version" "4.2.3"
  dependencies:
    "emoji-regex" "^8.0.0"
    "is-fullwidth-code-point" "^3.0.0"
    "strip-ansi" "^6.0.1"

"strip-ansi@^6.0.0", "strip-ansi@^6.0.1":
  "integrity" "sha512-Y38VPSHcqkFrCpFnQ9vuSXmquuv5oXOKpGeT6aGrr3o3Gc9AlVa6JBfUSOCnbxGGZF+/0ooI7KrPuUSztUdU5A=="
  "resolved" "https://registry.npmjs.org/strip-ansi/-/strip-ansi-6.0.1.tgz"
  "version" "6.0.1"
  dependencies:
    "ansi-regex" "^5.0.1"

"supports-preserve-symlinks-flag@^1.0.0":
  "integrity" "sha512-ot0WnXS9fgdkgIcePe6RHNk1WA8+muPa6cSjeR3V8K27q9BB1rTE3R1p7Hv0z1ZyAc8s6Vvv8DIyWf681MAt0w=="
  "resolved" "https://registry.npmjs.org/supports-preserve-symlinks-flag/-/supports-preserve-symlinks-flag-1.0.0.tgz"
  "version" "1.0.0"

"thenby@^1.3.4":
  "integrity" "sha512-89Gi5raiWA3QZ4b2ePcEwswC3me9JIg+ToSgtE0JWeCynLnLxNr/f9G+xfo9K+Oj4AFdom8YNJjibIARTJmapQ=="
  "resolved" "https://registry.npmjs.org/thenby/-/thenby-1.3.4.tgz"
  "version" "1.3.4"

"to-regex-range@^5.0.1":
  "integrity" "sha512-65P7iz6X5yEr1cwcgvQxbbIw7Uk3gOy5dIdtZ4rDveLqhrdJP+Li/Hx6tyK0NEb+2GCyneCMJiGqrADCSNk8sQ=="
  "resolved" "https://registry.npmjs.org/to-regex-range/-/to-regex-range-5.0.1.tgz"
  "version" "5.0.1"
  dependencies:
    "is-number" "^7.0.0"

"universalify@^2.0.0":
  "integrity" "sha512-hAZsKq7Yy11Zu1DE0OzWjw7nnLZmJZYTDZZyEFHZdUhV8FkH5MCfoU1XMaxXovpyW5nq5scPqq0ZDP9Zyl04oQ=="
  "resolved" "https://registry.npmjs.org/universalify/-/universalify-2.0.0.tgz"
  "version" "2.0.0"

"update-browserslist-db@^1.0.9":
  "integrity" "sha512-OztqDenkfFkbSG+tRxBeAnCVPckDBcvibKd35yDONx6OU8N7sqgwc7rCbkJ/WcYtVRZ4ba68d6byhC21GFh7sQ=="
  "resolved" "https://registry.npmjs.org/update-browserslist-db/-/update-browserslist-db-1.0.10.tgz"
  "version" "1.0.10"
  dependencies:
    "escalade" "^3.1.1"
    "picocolors" "^1.0.0"

"util-deprecate@^1.0.2":
  "integrity" "sha512-EPD5q1uXyFxJpCrLnCc1nHnq3gOa6DZBocAIiI2TaSCA7VCJ1UJDMagCzIkXNsUYfD1daK//LTEQ8xiIbrHtcw=="
  "resolved" "https://registry.npmjs.org/util-deprecate/-/util-deprecate-1.0.2.tgz"
  "version" "1.0.2"

"wrap-ansi@^7.0.0":
  "integrity" "sha512-YVGIj2kamLSTxw6NsZjoBxfSwsn0ycdesmc4p+Q21c5zPuZ1pl+NfxVdxPtdHvmNVOQ6XSYG4AUtyt/Fi7D16Q=="
  "resolved" "https://registry.npmjs.org/wrap-ansi/-/wrap-ansi-7.0.0.tgz"
  "version" "7.0.0"
  dependencies:
    "ansi-styles" "^4.0.0"
    "string-width" "^4.1.0"
    "strip-ansi" "^6.0.0"

"y18n@^5.0.5":
  "integrity" "sha512-0pfFzegeDWJHJIAmTLRP2DwHjdF5s7jo9tuztdQxAhINCdvS+3nGINqPd00AphqJR/0LhANUS6/+7SCb98YOfA=="
  "resolved" "https://registry.npmjs.org/y18n/-/y18n-5.0.8.tgz"
  "version" "5.0.8"

"yaml@^2.1.1":
  "integrity" "sha512-e0WHiYql7+9wr4cWMx3TVQrNwejKaEe7/rHNmQmqRjazfOP5W8PB6Jpebb5o6fIapbz9o9+2ipcaTM2ZwDI6lw=="
  "resolved" "https://registry.npmjs.org/yaml/-/yaml-2.2.1.tgz"
  "version" "2.2.1"

"yargs-parser@^21.1.1":
  "integrity" "sha512-tVpsJW7DdjecAiFpbIB1e3qxIQsE6NoPc5/eTdrbbIC4h0LVsWhnoa3g+m2HclBIujHzsxZ4VJVA+GUuc2/LBw=="
  "resolved" "https://registry.npmjs.org/yargs-parser/-/yargs-parser-21.1.1.tgz"
  "version" "21.1.1"

"yargs@^17.0.0":
  "integrity" "sha512-1/9UrdHjDZc0eOU0HxOHoS78C69UD3JRMvzlJ7S79S2nTaWRA/whGCTV8o9e/N/1Va9YIV7Q4sOxD8VV4pCWOw=="
  "resolved" "https://registry.npmjs.org/yargs/-/yargs-17.6.2.tgz"
  "version" "17.6.2"
  dependencies:
    "cliui" "^8.0.1"
    "escalade" "^3.1.1"
    "get-caller-file" "^2.0.5"
    "require-directory" "^2.1.1"
    "string-width" "^4.2.3"
    "y18n" "^5.0.5"
    "yargs-parser" "^21.1.1"
